
Microsoft Visual Studio Solution File, Format Version 12.00
# Visual Studio Version 16
VisualStudioVersion = 16.0.29306.81
MinimumVisualStudioVersion = 10.0.40219.1
Project("{FAE04EC0-301F-11D3-BF4B-00C04F79EFBC}") = "gamecaro", "gamecaro\gamecaro.csproj", "{0D3B6F5B-F09A-4605-A63E-8F7C7EEB29CC}"
EndProject
Global
	GlobalSection(SolutionConfigurationPlatforms) = preSolution
		Debug|Any CPU = Debug|Any CPU
		Release|Any CPU = Release|Any CPU
	EndGlobalSection
	GlobalSection(ProjectConfigurationPlatforms) = postSolution
		{0D3B6F5B-F09A-4605-A63E-8F7C7EEB29CC}.Debug|Any CPU.ActiveCfg = Debug|Any CPU
		{0D3B6F5B-F09A-4605-A63E-8F7C7EEB29CC}.Debug|Any CPU.Build.0 = Debug|Any CPU
		{0D3B6F5B-F09A-4605-A63E-8F7C7EEB29CC}.Release|Any CPU.ActiveCfg = Release|Any CPU
		{0D3B6F5B-F09A-4605-A63E-8F7C7EEB29CC}.Release|Any CPU.Build.0 = Release|Any CPU
	EndGlobalSection
	GlobalSection(SolutionProperties) = preSolution
		HideSolutionNode = FALSE
	EndGlobalSection
	GlobalSection(ExtensibilityGlobals) = postSolution
		SolutionGuid = {7F658630-990A-44B9-8518-5B749C000452}
	EndGlobalSection
EndGlobal
